
Microsoft Visual Studio Solution File, Format Version 12.00
# Visual Studio 15
Project("{FAE04EC0-301F-11D3-BF4B-00C04F79EFBC}") = "LabelFonts.Android", "LabelFonts.Android\LabelFonts.Android.csproj", "{79E96CFE-57EB-4F7B-BF75-48E2E5FA00E7}"
EndProject
Project("{FAE04EC0-301F-11D3-BF4B-00C04F79EFBC}") = "LabelFonts.iOS", "LabelFonts.iOS\LabelFonts.iOS.csproj", "{C0087466-BC66-4636-8BC4-1B13EE2E3093}"
EndProject
Project("{FAE04EC0-301F-11D3-BF4B-00C04F79EFBC}") = "LabelFonts", "LabelFonts\LabelFonts.csproj", "{B10E00FC-4109-4C4A-88A9-A0F5F837EA33}"
EndProject
Global
	GlobalSection(SolutionConfigurationPlatforms) = preSolution
		Debug|Any CPU = Debug|Any CPU
		Release|Any CPU = Release|Any CPU
		Debug|iPhoneSimulator = Debug|iPhoneSimulator
		Release|iPhoneSimulator = Release|iPhoneSimulator
		Debug|iPhone = Debug|iPhone
		Release|iPhone = Release|iPhone
		Ad-Hoc|iPhone = Ad-Hoc|iPhone
		AppStore|iPhone = AppStore|iPhone
	EndGlobalSection
	GlobalSection(ProjectConfigurationPlatforms) = postSolution
		{79E96CFE-57EB-4F7B-BF75-48E2E5FA00E7}.Debug|Any CPU.ActiveCfg = Debug|Any CPU
		{79E96CFE-57EB-4F7B-BF75-48E2E5FA00E7}.Debug|Any CPU.Build.0 = Debug|Any CPU
		{79E96CFE-57EB-4F7B-BF75-48E2E5FA00E7}.Release|Any CPU.ActiveCfg = Release|Any CPU
		{79E96CFE-57EB-4F7B-BF75-48E2E5FA00E7}.Release|Any CPU.Build.0 = Release|Any CPU
		{79E96CFE-57EB-4F7B-BF75-48E2E5FA00E7}.Debug|iPhoneSimulator.ActiveCfg = Debug|Any CPU
		{79E96CFE-57EB-4F7B-BF75-48E2E5FA00E7}.Debug|iPhoneSimulator.Build.0 = Debug|Any CPU
		{79E96CFE-57EB-4F7B-BF75-48E2E5FA00E7}.Release|iPhoneSimulator.ActiveCfg = Release|Any CPU
		{79E96CFE-57EB-4F7B-BF75-48E2E5FA00E7}.Release|iPhoneSimulator.Build.0 = Release|Any CPU
		{79E96CFE-57EB-4F7B-BF75-48E2E5FA00E7}.Debug|iPhone.ActiveCfg = Debug|Any CPU
		{79E96CFE-57EB-4F7B-BF75-48E2E5FA00E7}.Debug|iPhone.Build.0 = Debug|Any CPU
		{79E96CFE-57EB-4F7B-BF75-48E2E5FA00E7}.Release|iPhone.ActiveCfg = Release|Any CPU
		{79E96CFE-57EB-4F7B-BF75-48E2E5FA00E7}.Release|iPhone.Build.0 = Release|Any CPU
		{79E96CFE-57EB-4F7B-BF75-48E2E5FA00E7}.Ad-Hoc|iPhone.ActiveCfg = Debug|Any CPU
		{79E96CFE-57EB-4F7B-BF75-48E2E5FA00E7}.Ad-Hoc|iPhone.Build.0 = Debug|Any CPU
		{79E96CFE-57EB-4F7B-BF75-48E2E5FA00E7}.AppStore|iPhone.ActiveCfg = Debug|Any CPU
		{79E96CFE-57EB-4F7B-BF75-48E2E5FA00E7}.AppStore|iPhone.Build.0 = Debug|Any CPU
		{C0087466-BC66-4636-8BC4-1B13EE2E3093}.Debug|Any CPU.ActiveCfg = Debug|iPhoneSimulator
		{C0087466-BC66-4636-8BC4-1B13EE2E3093}.Debug|Any CPU.Build.0 = Debug|iPhoneSimulator
		{C0087466-BC66-4636-8BC4-1B13EE2E3093}.Release|Any CPU.ActiveCfg = Release|iPhoneSimulator
		{C0087466-BC66-4636-8BC4-1B13EE2E3093}.Release|Any CPU.Build.0 = Release|iPhoneSimulator
		{C0087466-BC66-4636-8BC4-1B13EE2E3093}.Debug|iPhoneSimulator.ActiveCfg = Debug|iPhoneSimulator
		{C0087466-BC66-4636-8BC4-1B13EE2E3093}.Debug|iPhoneSimulator.Build.0 = Debug|iPhoneSimulator
		{C0087466-BC66-4636-8BC4-1B13EE2E3093}.Release|iPhoneSimulator.ActiveCfg = Release|iPhoneSimulator
		{C0087466-BC66-4636-8BC4-1B13EE2E3093}.Release|iPhoneSimulator.Build.0 = Release|iPhoneSimulator
		{C0087466-BC66-4636-8BC4-1B13EE2E3093}.Debug|iPhone.ActiveCfg = Debug|iPhone
		{C0087466-BC66-4636-8BC4-1B13EE2E3093}.Debug|iPhone.Build.0 = Debug|iPhone
		{C0087466-BC66-4636-8BC4-1B13EE2E3093}.Release|iPhone.ActiveCfg = Release|iPhone
		{C0087466-BC66-4636-8BC4-1B13EE2E3093}.Release|iPhone.Build.0 = Release|iPhone
		{C0087466-BC66-4636-8BC4-1B13EE2E3093}.Ad-Hoc|iPhone.ActiveCfg = Ad-Hoc|iPhone
		{C0087466-BC66-4636-8BC4-1B13EE2E3093}.Ad-Hoc|iPhone.Build.0 = Ad-Hoc|iPhone
		{C0087466-BC66-4636-8BC4-1B13EE2E3093}.AppStore|iPhone.ActiveCfg = AppStore|iPhone
		{C0087466-BC66-4636-8BC4-1B13EE2E3093}.AppStore|iPhone.Build.0 = AppStore|iPhone
		{B10E00FC-4109-4C4A-88A9-A0F5F837EA33}.Debug|Any CPU.ActiveCfg = Debug|Any CPU
		{B10E00FC-4109-4C4A-88A9-A0F5F837EA33}.Debug|Any CPU.Build.0 = Debug|Any CPU
		{B10E00FC-4109-4C4A-88A9-A0F5F837EA33}.Release|Any CPU.ActiveCfg = Release|Any CPU
		{B10E00FC-4109-4C4A-88A9-A0F5F837EA33}.Release|Any CPU.Build.0 = Release|Any CPU
		{B10E00FC-4109-4C4A-88A9-A0F5F837EA33}.Debug|iPhoneSimulator.ActiveCfg = Debug|Any CPU
		{B10E00FC-4109-4C4A-88A9-A0F5F837EA33}.Debug|iPhoneSimulator.Build.0 = Debug|Any CPU
		{B10E00FC-4109-4C4A-88A9-A0F5F837EA33}.Release|iPhoneSimulator.ActiveCfg = Release|Any CPU
		{B10E00FC-4109-4C4A-88A9-A0F5F837EA33}.Release|iPhoneSimulator.Build.0 = Release|Any CPU
		{B10E00FC-4109-4C4A-88A9-A0F5F837EA33}.Debug|iPhone.ActiveCfg = Debug|Any CPU
		{B10E00FC-4109-4C4A-88A9-A0F5F837EA33}.Debug|iPhone.Build.0 = Debug|Any CPU
		{B10E00FC-4109-4C4A-88A9-A0F5F837EA33}.Release|iPhone.ActiveCfg = Release|Any CPU
		{B10E00FC-4109-4C4A-88A9-A0F5F837EA33}.Release|iPhone.Build.0 = Release|Any CPU
		{B10E00FC-4109-4C4A-88A9-A0F5F837EA33}.Ad-Hoc|iPhone.ActiveCfg = Debug|Any CPU
		{B10E00FC-4109-4C4A-88A9-A0F5F837EA33}.Ad-Hoc|iPhone.Build.0 = Debug|Any CPU
		{B10E00FC-4109-4C4A-88A9-A0F5F837EA33}.AppStore|iPhone.ActiveCfg = Debug|Any CPU
		{B10E00FC-4109-4C4A-88A9-A0F5F837EA33}.AppStore|iPhone.Build.0 = Debug|Any CPU
	EndGlobalSection
EndGlobal
